
Microsoft Visual Studio Solution File, Format Version 9.00
# Visual Studio 2005
Project("{FAE04EC0-301F-11D3-BF4B-00C04F79EFBC}") = "S2WindowsBlank", "S2WindowsBlank\S2WindowsBlank.csproj", "{A9DA15AD-2F18-4450-B203-489BB70C6F48}"
EndProject
Project("{FAE04EC0-301F-11D3-BF4B-00C04F79EFBC}") = "S2WindowsBlank.Logics", "S2WindowsBlank.Logics\S2WindowsBlank.Logics.csproj", "{D881FB78-056A-483B-85A4-2F7B12D161F6}"
EndProject
Project("{FAE04EC0-301F-11D3-BF4B-00C04F79EFBC}") = "S2WindowsBlank.Tests", "S2WindowsBlank.Tests\S2WindowsBlank.Tests.csproj", "{48A389D4-CB15-4F3B-A977-6C3FDFCA2714}"
EndProject
Global
	GlobalSection(SolutionConfigurationPlatforms) = preSolution
		Debug|Any CPU = Debug|Any CPU
		Release|Any CPU = Release|Any CPU
	EndGlobalSection
	GlobalSection(ProjectConfigurationPlatforms) = postSolution
		{A9DA15AD-2F18-4450-B203-489BB70C6F48}.Debug|Any CPU.ActiveCfg = Debug|Any CPU
		{A9DA15AD-2F18-4450-B203-489BB70C6F48}.Debug|Any CPU.Build.0 = Debug|Any CPU
		{A9DA15AD-2F18-4450-B203-489BB70C6F48}.Release|Any CPU.ActiveCfg = Release|Any CPU
		{A9DA15AD-2F18-4450-B203-489BB70C6F48}.Release|Any CPU.Build.0 = Release|Any CPU
		{D881FB78-056A-483B-85A4-2F7B12D161F6}.Debug|Any CPU.ActiveCfg = Debug|Any CPU
		{D881FB78-056A-483B-85A4-2F7B12D161F6}.Debug|Any CPU.Build.0 = Debug|Any CPU
		{D881FB78-056A-483B-85A4-2F7B12D161F6}.Release|Any CPU.ActiveCfg = Release|Any CPU
		{D881FB78-056A-483B-85A4-2F7B12D161F6}.Release|Any CPU.Build.0 = Release|Any CPU
		{48A389D4-CB15-4F3B-A977-6C3FDFCA2714}.Debug|Any CPU.ActiveCfg = Debug|Any CPU
		{48A389D4-CB15-4F3B-A977-6C3FDFCA2714}.Debug|Any CPU.Build.0 = Debug|Any CPU
		{48A389D4-CB15-4F3B-A977-6C3FDFCA2714}.Release|Any CPU.ActiveCfg = Release|Any CPU
		{48A389D4-CB15-4F3B-A977-6C3FDFCA2714}.Release|Any CPU.Build.0 = Release|Any CPU
	EndGlobalSection
	GlobalSection(SolutionProperties) = preSolution
		HideSolutionNode = FALSE
	EndGlobalSection
EndGlobal
