Microsoft Visual Studio Solution File, Format Version 12.00
# Visual Studio Express 2013 for Windows Desktop
VisualStudioVersion = 12.0.30110.0
MinimumVisualStudioVersion = 10.0.40219.1
Project("{FAE04EC0-301F-11D3-BF4B-00C04F79EFBC}") = "Seasar.Tests", "Seasar.Tests\Seasar.Tests.csproj", "{6D6327B1-4252-470A-A76B-8E923F34AB7C}"
EndProject
Project("{FAE04EC0-301F-11D3-BF4B-00C04F79EFBC}") = "Seasar.Quill", "Seasar.Quill\Seasar.Quill.csproj", "{4C1D6F42-4178-4C68-8277-B2978BF784FF}"
EndProject
Global
	GlobalSection(SolutionConfigurationPlatforms) = preSolution
		Debug|Mixed Platforms = Debug|Mixed Platforms
		Debug|x64 = Debug|x64
		Debug|x86 = Debug|x86
		Release|Mixed Platforms = Release|Mixed Platforms
		Release|x64 = Release|x64
		Release|x86 = Release|x86
	EndGlobalSection
	GlobalSection(ProjectConfigurationPlatforms) = postSolution
		{6D6327B1-4252-470A-A76B-8E923F34AB7C}.Debug|Mixed Platforms.ActiveCfg = Debug|Any CPU
		{6D6327B1-4252-470A-A76B-8E923F34AB7C}.Debug|Mixed Platforms.Build.0 = Debug|Any CPU
		{6D6327B1-4252-470A-A76B-8E923F34AB7C}.Debug|x64.ActiveCfg = Debug|Any CPU
		{6D6327B1-4252-470A-A76B-8E923F34AB7C}.Debug|x64.Build.0 = Debug|Any CPU
		{6D6327B1-4252-470A-A76B-8E923F34AB7C}.Debug|x86.ActiveCfg = Debug|Any CPU
		{6D6327B1-4252-470A-A76B-8E923F34AB7C}.Release|Mixed Platforms.ActiveCfg = Release|Any CPU
		{6D6327B1-4252-470A-A76B-8E923F34AB7C}.Release|Mixed Platforms.Build.0 = Release|Any CPU
		{6D6327B1-4252-470A-A76B-8E923F34AB7C}.Release|x64.ActiveCfg = Release|Any CPU
		{6D6327B1-4252-470A-A76B-8E923F34AB7C}.Release|x64.Build.0 = Release|Any CPU
		{6D6327B1-4252-470A-A76B-8E923F34AB7C}.Release|x86.ActiveCfg = Release|Any CPU
		{6D6327B1-4252-470A-A76B-8E923F34AB7C}.Release|x86.Build.0 = Release|Any CPU
		{4C1D6F42-4178-4C68-8277-B2978BF784FF}.Debug|Mixed Platforms.ActiveCfg = Debug|Any CPU
		{4C1D6F42-4178-4C68-8277-B2978BF784FF}.Debug|Mixed Platforms.Build.0 = Debug|Any CPU
		{4C1D6F42-4178-4C68-8277-B2978BF784FF}.Debug|x64.ActiveCfg = Debug|Any CPU
		{4C1D6F42-4178-4C68-8277-B2978BF784FF}.Debug|x64.Build.0 = Debug|Any CPU
		{4C1D6F42-4178-4C68-8277-B2978BF784FF}.Debug|x86.ActiveCfg = Debug|Any CPU
		{4C1D6F42-4178-4C68-8277-B2978BF784FF}.Release|Mixed Platforms.ActiveCfg = Release|Any CPU
		{4C1D6F42-4178-4C68-8277-B2978BF784FF}.Release|Mixed Platforms.Build.0 = Release|Any CPU
		{4C1D6F42-4178-4C68-8277-B2978BF784FF}.Release|x64.ActiveCfg = Release|Any CPU
		{4C1D6F42-4178-4C68-8277-B2978BF784FF}.Release|x64.Build.0 = Release|Any CPU
		{4C1D6F42-4178-4C68-8277-B2978BF784FF}.Release|x86.ActiveCfg = Release|Any CPU
		{4C1D6F42-4178-4C68-8277-B2978BF784FF}.Release|x86.Build.0 = Release|Any CPU
	EndGlobalSection
	GlobalSection(SolutionProperties) = preSolution
		HideSolutionNode = FALSE
	EndGlobalSection
EndGlobal
