Microsoft Visual Studio Solution File, Format Version 8.00
Project("{FAE04EC0-301F-11D3-BF4B-00C04F79EFBC}") = "Seasar.2003", "Seasar\Seasar.2003.csproj", "{7224C3B3-2C10-4AC5-A118-56558ED4C3C9}"
	ProjectSection(ProjectDependencies) = postProject
	EndProjectSection
EndProject
Project("{FAE04EC0-301F-11D3-BF4B-00C04F79EFBC}") = "Seasar.Examples.2003", "Seasar.Examples\Seasar.Examples.2003.csproj", "{AF6F7B3F-FFE2-4C83-9275-7978F5039987}"
	ProjectSection(ProjectDependencies) = postProject
	EndProjectSection
EndProject
Project("{FAE04EC0-301F-11D3-BF4B-00C04F79EFBC}") = "Seasar.Tests.2003", "Seasar.Tests\Seasar.Tests.2003.csproj", "{6D6327B1-4252-470A-A76B-8E923F34AB7C}"
	ProjectSection(ProjectDependencies) = postProject
	EndProjectSection
EndProject
Project("{FAE04EC0-301F-11D3-BF4B-00C04F79EFBC}") = "Seasar.Unit.2003", "Seasar.Unit\Seasar.Unit.2003.csproj", "{FC3A021B-6288-4C34-8303-544640D22FDA}"
	ProjectSection(ProjectDependencies) = postProject
	EndProjectSection
EndProject
Project("{FAE04EC0-301F-11D3-BF4B-00C04F79EFBC}") = "Seasar.Windows.2003", "Seasar.Windows\Seasar.Windows.2003.csproj", "{B361D11C-9C58-499C-8A56-4A677BEEBB2B}"
	ProjectSection(ProjectDependencies) = postProject
	EndProjectSection
EndProject
Project("{FAE04EC0-301F-11D3-BF4B-00C04F79EFBC}") = "Seasar.Dao.2003", "Seasar.Dao\Seasar.Dao.2003.csproj", "{474715CA-5C99-4C50-ADFA-FB628824DFF0}"
	ProjectSection(ProjectDependencies) = postProject
	EndProjectSection
EndProject
Project("{FAE04EC0-301F-11D3-BF4B-00C04F79EFBC}") = "Seasar.Dao.Examples.2003", "Seasar.Dao.Examples\Seasar.Dao.Examples.2003.csproj", "{D10462BB-F8BB-49E3-94C7-BEC5E94C2263}"
	ProjectSection(ProjectDependencies) = postProject
	EndProjectSection
EndProject
Global
	GlobalSection(SolutionConfiguration) = preSolution
		Debug = Debug
		Release = Release
	EndGlobalSection
	GlobalSection(ProjectDependencies) = postSolution
	EndGlobalSection
	GlobalSection(ProjectConfiguration) = postSolution
		{7224C3B3-2C10-4AC5-A118-56558ED4C3C9}.Debug.ActiveCfg = Debug|.NET
		{7224C3B3-2C10-4AC5-A118-56558ED4C3C9}.Debug.Build.0 = Debug|.NET
		{7224C3B3-2C10-4AC5-A118-56558ED4C3C9}.Release.ActiveCfg = Release|.NET
		{7224C3B3-2C10-4AC5-A118-56558ED4C3C9}.Release.Build.0 = Release|.NET
		{AF6F7B3F-FFE2-4C83-9275-7978F5039987}.Debug.ActiveCfg = Debug|.NET
		{AF6F7B3F-FFE2-4C83-9275-7978F5039987}.Debug.Build.0 = Debug|.NET
		{AF6F7B3F-FFE2-4C83-9275-7978F5039987}.Release.ActiveCfg = Release|.NET
		{AF6F7B3F-FFE2-4C83-9275-7978F5039987}.Release.Build.0 = Release|.NET
		{6D6327B1-4252-470A-A76B-8E923F34AB7C}.Debug.ActiveCfg = Debug|.NET
		{6D6327B1-4252-470A-A76B-8E923F34AB7C}.Debug.Build.0 = Debug|.NET
		{6D6327B1-4252-470A-A76B-8E923F34AB7C}.Release.ActiveCfg = Release|.NET
		{6D6327B1-4252-470A-A76B-8E923F34AB7C}.Release.Build.0 = Release|.NET
		{FC3A021B-6288-4C34-8303-544640D22FDA}.Debug.ActiveCfg = Debug|.NET
		{FC3A021B-6288-4C34-8303-544640D22FDA}.Debug.Build.0 = Debug|.NET
		{FC3A021B-6288-4C34-8303-544640D22FDA}.Release.ActiveCfg = Release|.NET
		{FC3A021B-6288-4C34-8303-544640D22FDA}.Release.Build.0 = Release|.NET
		{B361D11C-9C58-499C-8A56-4A677BEEBB2B}.Debug.ActiveCfg = Debug|.NET
		{B361D11C-9C58-499C-8A56-4A677BEEBB2B}.Debug.Build.0 = Debug|.NET
		{B361D11C-9C58-499C-8A56-4A677BEEBB2B}.Release.ActiveCfg = Release|.NET
		{B361D11C-9C58-499C-8A56-4A677BEEBB2B}.Release.Build.0 = Release|.NET
		{474715CA-5C99-4C50-ADFA-FB628824DFF0}.Debug.ActiveCfg = Debug|.NET
		{474715CA-5C99-4C50-ADFA-FB628824DFF0}.Debug.Build.0 = Debug|.NET
		{474715CA-5C99-4C50-ADFA-FB628824DFF0}.Release.ActiveCfg = Release|.NET
		{474715CA-5C99-4C50-ADFA-FB628824DFF0}.Release.Build.0 = Release|.NET
		{D10462BB-F8BB-49E3-94C7-BEC5E94C2263}.Debug.ActiveCfg = Debug|.NET
		{D10462BB-F8BB-49E3-94C7-BEC5E94C2263}.Debug.Build.0 = Debug|.NET
		{D10462BB-F8BB-49E3-94C7-BEC5E94C2263}.Release.ActiveCfg = Release|.NET
		{D10462BB-F8BB-49E3-94C7-BEC5E94C2263}.Release.Build.0 = Release|.NET
	EndGlobalSection
	GlobalSection(ExtensibilityGlobals) = postSolution
	EndGlobalSection
	GlobalSection(ExtensibilityAddIns) = postSolution
	EndGlobalSection
EndGlobal
