Microsoft Visual Studio Solution File, Format Version 10.00
# Visual Studio 2008
Project("{FAE04EC0-301F-11D3-BF4B-00C04F79EFBC}") = "Seasar", "Seasar\Seasar.csproj", "{7224C3B3-2C10-4AC5-A118-56558ED4C3C9}"
EndProject
Project("{FAE04EC0-301F-11D3-BF4B-00C04F79EFBC}") = "Seasar.Examples", "Seasar.Examples\Seasar.Examples.csproj", "{AF6F7B3F-FFE2-4C83-9275-7978F5039987}"
EndProject
Project("{FAE04EC0-301F-11D3-BF4B-00C04F79EFBC}") = "Seasar.Tests", "Seasar.Tests\Seasar.Tests.csproj", "{6D6327B1-4252-470A-A76B-8E923F34AB7C}"
EndProject
Project("{FAE04EC0-301F-11D3-BF4B-00C04F79EFBC}") = "Seasar.Unit", "Seasar.Unit\Seasar.Unit.csproj", "{FC3A021B-6288-4C34-8303-544640D22FDA}"
EndProject
Project("{FAE04EC0-301F-11D3-BF4B-00C04F79EFBC}") = "Seasar.DynamicProxy", "Seasar.DynamicProxy\Seasar.DynamicProxy.csproj", "{063DED73-CA16-4038-904D-5A18A630843D}"
EndProject
Project("{FAE04EC0-301F-11D3-BF4B-00C04F79EFBC}") = "Seasar.Windows", "Seasar.Windows\Seasar.Windows.csproj", "{B361D11C-9C58-499C-8A56-4A677BEEBB2B}"
EndProject
Project("{FAE04EC0-301F-11D3-BF4B-00C04F79EFBC}") = "Seasar.Quill", "Seasar.Quill\Seasar.Quill.csproj", "{4C1D6F42-4178-4C68-8277-B2978BF784FF}"
EndProject
Project("{FAE04EC0-301F-11D3-BF4B-00C04F79EFBC}") = "Seasar.Quill.Examples", "Seasar.Quill.Examples\Seasar.Quill.Examples.csproj", "{26D5B09E-8D88-4104-9373-19227DA5E13E}"
EndProject
Project("{FAE04EC0-301F-11D3-BF4B-00C04F79EFBC}") = "Seasar.Dao", "Seasar.Dao\Seasar.Dao.csproj", "{474715CA-5C99-4C50-ADFA-FB628824DFF0}"
EndProject
Project("{FAE04EC0-301F-11D3-BF4B-00C04F79EFBC}") = "Seasar.Dao.Examples", "Seasar.Dao.Examples\Seasar.Dao.Examples.csproj", "{D10462BB-F8BB-49E3-94C7-BEC5E94C2263}"
EndProject
Project("{FAE04EC0-301F-11D3-BF4B-00C04F79EFBC}") = "Seasar.Dxo", "Seasar.Dxo\Seasar.Dxo.csproj", "{0C7A87F7-786E-43FB-846C-DE1583622A79}"
EndProject
Project("{FAE04EC0-301F-11D3-BF4B-00C04F79EFBC}") = "Seasar-2008", "Seasar\Seasar-2008.csproj", "{A64532EE-8303-4477-80A0-9B873D17AF9D}"
EndProject
Project("{FAE04EC0-301F-11D3-BF4B-00C04F79EFBC}") = "Seasar.Dao-2008", "Seasar.Dao\Seasar.Dao-2008.csproj", "{C291B662-8DAC-48E1-8964-2B19F1DC61F1}"
EndProject
Project("{FAE04EC0-301F-11D3-BF4B-00C04F79EFBC}") = "Seasar.Dxo-2008", "Seasar.Dxo\Seasar.Dxo-2008.csproj", "{0FC0B877-C6AF-4C29-9214-7FDFAB525D26}"
EndProject
Project("{FAE04EC0-301F-11D3-BF4B-00C04F79EFBC}") = "Seasar.Dao.Examples-2008", "Seasar.Dao.Examples\Seasar.Dao.Examples-2008.csproj", "{8D124191-3141-4219-97E1-CC8EF1471002}"
EndProject
Project("{FAE04EC0-301F-11D3-BF4B-00C04F79EFBC}") = "Seasar.DynamicProxy-2008", "Seasar.DynamicProxy\Seasar.DynamicProxy-2008.csproj", "{F450C0F8-FBA4-49F4-B602-2931480301D0}"
EndProject
Project("{FAE04EC0-301F-11D3-BF4B-00C04F79EFBC}") = "Seasar.Examples-2008", "Seasar.Examples\Seasar.Examples-2008.csproj", "{B97DB1B8-6ED4-4603-A5D4-83B12F5AFDDF}"
EndProject
Project("{FAE04EC0-301F-11D3-BF4B-00C04F79EFBC}") = "Seasar.Quill-2008", "Seasar.Quill\Seasar.Quill-2008.csproj", "{14FDE5A2-C163-4EB4-8D41-E5F612126A4E}"
EndProject
Project("{FAE04EC0-301F-11D3-BF4B-00C04F79EFBC}") = "Seasar.Quill.Examples-2008", "Seasar.Quill.Examples\Seasar.Quill.Examples-2008.csproj", "{0A2F6A21-16A4-4A72-B7B6-49778C70C9DA}"
EndProject
Project("{FAE04EC0-301F-11D3-BF4B-00C04F79EFBC}") = "Seasar.Tests-2008", "Seasar.Tests\Seasar.Tests-2008.csproj", "{A53DF43E-DED7-4506-A26F-5617BE89A9CC}"
EndProject
Project("{FAE04EC0-301F-11D3-BF4B-00C04F79EFBC}") = "Seasar.Unit-2008", "Seasar.Unit\Seasar.Unit-2008.csproj", "{05DB1E9F-5AA1-48C2-BB1E-2CDBAE533F03}"
EndProject
Project("{FAE04EC0-301F-11D3-BF4B-00C04F79EFBC}") = "Seasar.Windows-2008", "Seasar.Windows\Seasar.Windows-2008.csproj", "{AE895955-F47F-4976-A1D4-A388C5C808FA}"
EndProject
Global
	GlobalSection(SolutionConfigurationPlatforms) = preSolution
		Debug|Any CPU = Debug|Any CPU
		Release|Any CPU = Release|Any CPU
	EndGlobalSection
	GlobalSection(ProjectConfigurationPlatforms) = postSolution
		{7224C3B3-2C10-4AC5-A118-56558ED4C3C9}.Debug|Any CPU.ActiveCfg = Debug|Any CPU
		{7224C3B3-2C10-4AC5-A118-56558ED4C3C9}.Debug|Any CPU.Build.0 = Debug|Any CPU
		{7224C3B3-2C10-4AC5-A118-56558ED4C3C9}.Release|Any CPU.ActiveCfg = Release|Any CPU
		{7224C3B3-2C10-4AC5-A118-56558ED4C3C9}.Release|Any CPU.Build.0 = Release|Any CPU
		{AF6F7B3F-FFE2-4C83-9275-7978F5039987}.Debug|Any CPU.ActiveCfg = Debug|Any CPU
		{AF6F7B3F-FFE2-4C83-9275-7978F5039987}.Debug|Any CPU.Build.0 = Debug|Any CPU
		{AF6F7B3F-FFE2-4C83-9275-7978F5039987}.Release|Any CPU.ActiveCfg = Release|Any CPU
		{AF6F7B3F-FFE2-4C83-9275-7978F5039987}.Release|Any CPU.Build.0 = Release|Any CPU
		{6D6327B1-4252-470A-A76B-8E923F34AB7C}.Debug|Any CPU.ActiveCfg = Debug|Any CPU
		{6D6327B1-4252-470A-A76B-8E923F34AB7C}.Debug|Any CPU.Build.0 = Debug|Any CPU
		{6D6327B1-4252-470A-A76B-8E923F34AB7C}.Release|Any CPU.ActiveCfg = Release|Any CPU
		{6D6327B1-4252-470A-A76B-8E923F34AB7C}.Release|Any CPU.Build.0 = Release|Any CPU
		{FC3A021B-6288-4C34-8303-544640D22FDA}.Debug|Any CPU.ActiveCfg = Debug|Any CPU
		{FC3A021B-6288-4C34-8303-544640D22FDA}.Debug|Any CPU.Build.0 = Debug|Any CPU
		{FC3A021B-6288-4C34-8303-544640D22FDA}.Release|Any CPU.ActiveCfg = Release|Any CPU
		{FC3A021B-6288-4C34-8303-544640D22FDA}.Release|Any CPU.Build.0 = Release|Any CPU
		{063DED73-CA16-4038-904D-5A18A630843D}.Debug|Any CPU.ActiveCfg = Debug|Any CPU
		{063DED73-CA16-4038-904D-5A18A630843D}.Debug|Any CPU.Build.0 = Debug|Any CPU
		{063DED73-CA16-4038-904D-5A18A630843D}.Release|Any CPU.ActiveCfg = Release|Any CPU
		{063DED73-CA16-4038-904D-5A18A630843D}.Release|Any CPU.Build.0 = Release|Any CPU
		{B361D11C-9C58-499C-8A56-4A677BEEBB2B}.Debug|Any CPU.ActiveCfg = Debug|Any CPU
		{B361D11C-9C58-499C-8A56-4A677BEEBB2B}.Debug|Any CPU.Build.0 = Debug|Any CPU
		{B361D11C-9C58-499C-8A56-4A677BEEBB2B}.Release|Any CPU.ActiveCfg = Release|Any CPU
		{B361D11C-9C58-499C-8A56-4A677BEEBB2B}.Release|Any CPU.Build.0 = Release|Any CPU
		{4C1D6F42-4178-4C68-8277-B2978BF784FF}.Debug|Any CPU.ActiveCfg = Debug|Any CPU
		{4C1D6F42-4178-4C68-8277-B2978BF784FF}.Debug|Any CPU.Build.0 = Debug|Any CPU
		{4C1D6F42-4178-4C68-8277-B2978BF784FF}.Release|Any CPU.ActiveCfg = Release|Any CPU
		{4C1D6F42-4178-4C68-8277-B2978BF784FF}.Release|Any CPU.Build.0 = Release|Any CPU
		{26D5B09E-8D88-4104-9373-19227DA5E13E}.Debug|Any CPU.ActiveCfg = Debug|Any CPU
		{26D5B09E-8D88-4104-9373-19227DA5E13E}.Debug|Any CPU.Build.0 = Debug|Any CPU
		{26D5B09E-8D88-4104-9373-19227DA5E13E}.Release|Any CPU.ActiveCfg = Release|Any CPU
		{26D5B09E-8D88-4104-9373-19227DA5E13E}.Release|Any CPU.Build.0 = Release|Any CPU
		{474715CA-5C99-4C50-ADFA-FB628824DFF0}.Debug|Any CPU.ActiveCfg = Debug|Any CPU
		{474715CA-5C99-4C50-ADFA-FB628824DFF0}.Debug|Any CPU.Build.0 = Debug|Any CPU
		{474715CA-5C99-4C50-ADFA-FB628824DFF0}.Release|Any CPU.ActiveCfg = Release|Any CPU
		{474715CA-5C99-4C50-ADFA-FB628824DFF0}.Release|Any CPU.Build.0 = Release|Any CPU
		{D10462BB-F8BB-49E3-94C7-BEC5E94C2263}.Debug|Any CPU.ActiveCfg = Debug|Any CPU
		{D10462BB-F8BB-49E3-94C7-BEC5E94C2263}.Debug|Any CPU.Build.0 = Debug|Any CPU
		{D10462BB-F8BB-49E3-94C7-BEC5E94C2263}.Release|Any CPU.ActiveCfg = Release|Any CPU
		{D10462BB-F8BB-49E3-94C7-BEC5E94C2263}.Release|Any CPU.Build.0 = Release|Any CPU
		{0C7A87F7-786E-43FB-846C-DE1583622A79}.Debug|Any CPU.ActiveCfg = Debug|Any CPU
		{0C7A87F7-786E-43FB-846C-DE1583622A79}.Debug|Any CPU.Build.0 = Debug|Any CPU
		{0C7A87F7-786E-43FB-846C-DE1583622A79}.Release|Any CPU.ActiveCfg = Release|Any CPU
		{0C7A87F7-786E-43FB-846C-DE1583622A79}.Release|Any CPU.Build.0 = Release|Any CPU
		{A64532EE-8303-4477-80A0-9B873D17AF9D}.Debug|Any CPU.ActiveCfg = Debug|Any CPU
		{A64532EE-8303-4477-80A0-9B873D17AF9D}.Debug|Any CPU.Build.0 = Debug|Any CPU
		{A64532EE-8303-4477-80A0-9B873D17AF9D}.Release|Any CPU.ActiveCfg = Release|Any CPU
		{A64532EE-8303-4477-80A0-9B873D17AF9D}.Release|Any CPU.Build.0 = Release|Any CPU
		{C291B662-8DAC-48E1-8964-2B19F1DC61F1}.Debug|Any CPU.ActiveCfg = Debug|Any CPU
		{C291B662-8DAC-48E1-8964-2B19F1DC61F1}.Debug|Any CPU.Build.0 = Debug|Any CPU
		{C291B662-8DAC-48E1-8964-2B19F1DC61F1}.Release|Any CPU.ActiveCfg = Release|Any CPU
		{C291B662-8DAC-48E1-8964-2B19F1DC61F1}.Release|Any CPU.Build.0 = Release|Any CPU
		{0FC0B877-C6AF-4C29-9214-7FDFAB525D26}.Debug|Any CPU.ActiveCfg = Debug|Any CPU
		{0FC0B877-C6AF-4C29-9214-7FDFAB525D26}.Debug|Any CPU.Build.0 = Debug|Any CPU
		{0FC0B877-C6AF-4C29-9214-7FDFAB525D26}.Release|Any CPU.ActiveCfg = Release|Any CPU
		{0FC0B877-C6AF-4C29-9214-7FDFAB525D26}.Release|Any CPU.Build.0 = Release|Any CPU
		{8D124191-3141-4219-97E1-CC8EF1471002}.Debug|Any CPU.ActiveCfg = Debug|Any CPU
		{8D124191-3141-4219-97E1-CC8EF1471002}.Debug|Any CPU.Build.0 = Debug|Any CPU
		{8D124191-3141-4219-97E1-CC8EF1471002}.Release|Any CPU.ActiveCfg = Release|Any CPU
		{8D124191-3141-4219-97E1-CC8EF1471002}.Release|Any CPU.Build.0 = Release|Any CPU
		{F450C0F8-FBA4-49F4-B602-2931480301D0}.Debug|Any CPU.ActiveCfg = Debug|Any CPU
		{F450C0F8-FBA4-49F4-B602-2931480301D0}.Debug|Any CPU.Build.0 = Debug|Any CPU
		{F450C0F8-FBA4-49F4-B602-2931480301D0}.Release|Any CPU.ActiveCfg = Release|Any CPU
		{F450C0F8-FBA4-49F4-B602-2931480301D0}.Release|Any CPU.Build.0 = Release|Any CPU
		{B97DB1B8-6ED4-4603-A5D4-83B12F5AFDDF}.Debug|Any CPU.ActiveCfg = Debug|Any CPU
		{B97DB1B8-6ED4-4603-A5D4-83B12F5AFDDF}.Debug|Any CPU.Build.0 = Debug|Any CPU
		{B97DB1B8-6ED4-4603-A5D4-83B12F5AFDDF}.Release|Any CPU.ActiveCfg = Release|Any CPU
		{B97DB1B8-6ED4-4603-A5D4-83B12F5AFDDF}.Release|Any CPU.Build.0 = Release|Any CPU
		{14FDE5A2-C163-4EB4-8D41-E5F612126A4E}.Debug|Any CPU.ActiveCfg = Debug|Any CPU
		{14FDE5A2-C163-4EB4-8D41-E5F612126A4E}.Debug|Any CPU.Build.0 = Debug|Any CPU
		{14FDE5A2-C163-4EB4-8D41-E5F612126A4E}.Release|Any CPU.ActiveCfg = Release|Any CPU
		{14FDE5A2-C163-4EB4-8D41-E5F612126A4E}.Release|Any CPU.Build.0 = Release|Any CPU
		{0A2F6A21-16A4-4A72-B7B6-49778C70C9DA}.Debug|Any CPU.ActiveCfg = Debug|Any CPU
		{0A2F6A21-16A4-4A72-B7B6-49778C70C9DA}.Debug|Any CPU.Build.0 = Debug|Any CPU
		{0A2F6A21-16A4-4A72-B7B6-49778C70C9DA}.Release|Any CPU.ActiveCfg = Release|Any CPU
		{0A2F6A21-16A4-4A72-B7B6-49778C70C9DA}.Release|Any CPU.Build.0 = Release|Any CPU
		{A53DF43E-DED7-4506-A26F-5617BE89A9CC}.Debug|Any CPU.ActiveCfg = Debug|Any CPU
		{A53DF43E-DED7-4506-A26F-5617BE89A9CC}.Debug|Any CPU.Build.0 = Debug|Any CPU
		{A53DF43E-DED7-4506-A26F-5617BE89A9CC}.Release|Any CPU.ActiveCfg = Release|Any CPU
		{A53DF43E-DED7-4506-A26F-5617BE89A9CC}.Release|Any CPU.Build.0 = Release|Any CPU
		{05DB1E9F-5AA1-48C2-BB1E-2CDBAE533F03}.Debug|Any CPU.ActiveCfg = Debug|Any CPU
		{05DB1E9F-5AA1-48C2-BB1E-2CDBAE533F03}.Debug|Any CPU.Build.0 = Debug|Any CPU
		{05DB1E9F-5AA1-48C2-BB1E-2CDBAE533F03}.Release|Any CPU.ActiveCfg = Release|Any CPU
		{05DB1E9F-5AA1-48C2-BB1E-2CDBAE533F03}.Release|Any CPU.Build.0 = Release|Any CPU
		{AE895955-F47F-4976-A1D4-A388C5C808FA}.Debug|Any CPU.ActiveCfg = Debug|Any CPU
		{AE895955-F47F-4976-A1D4-A388C5C808FA}.Debug|Any CPU.Build.0 = Debug|Any CPU
		{AE895955-F47F-4976-A1D4-A388C5C808FA}.Release|Any CPU.ActiveCfg = Release|Any CPU
		{AE895955-F47F-4976-A1D4-A388C5C808FA}.Release|Any CPU.Build.0 = Release|Any CPU
	EndGlobalSection
	GlobalSection(SolutionProperties) = preSolution
		HideSolutionNode = FALSE
	EndGlobalSection
EndGlobal
